
Microsoft Visual Studio Solution File, Format Version 12.00
# Visual Studio Version 17
VisualStudioVersion = 17.14.36301.6 d17.14
MinimumVisualStudioVersion = 10.0.40219.1
Project("{FAE04EC0-301F-11D3-BF4B-00C04F79EFBC}") = "PowerStationApp", "PowerStationApp\PowerStationApp.csproj", "{71268F97-D022-45C8-B192-22AD9C3DE9EA}"
EndProject
Global
	GlobalSection(SolutionConfigurationPlatforms) = preSolution
		Debug|Any CPU = Debug|Any CPU
		Release|Any CPU = Release|Any CPU
	EndGlobalSection
	GlobalSection(ProjectConfigurationPlatforms) = postSolution
		{71268F97-D022-45C8-B192-22AD9C3DE9EA}.Debug|Any CPU.ActiveCfg = Debug|Any CPU
		{71268F97-D022-45C8-B192-22AD9C3DE9EA}.Debug|Any CPU.Build.0 = Debug|Any CPU
		{71268F97-D022-45C8-B192-22AD9C3DE9EA}.Release|Any CPU.ActiveCfg = Release|Any CPU
		{71268F97-D022-45C8-B192-22AD9C3DE9EA}.Release|Any CPU.Build.0 = Release|Any CPU
	EndGlobalSection
	GlobalSection(SolutionProperties) = preSolution
		HideSolutionNode = FALSE
	EndGlobalSection
	GlobalSection(ExtensibilityGlobals) = postSolution
		SolutionGuid = {FDDCAB27-AAEC-4043-A9DA-A43124A6955A}
	EndGlobalSection
EndGlobal
